
Microsoft Visual Studio Solution File, Format Version 12.00
# Visual Studio Version 16
VisualStudioVersion = 16.0.32802.440
MinimumVisualStudioVersion = 10.0.40219.1
Project("{FAE04EC0-301F-11D3-BF4B-00C04F79EFBC}") = "bsDecisionTreeKelly", "bsDecisionTreeKelly\bsDecisionTreeKelly.csproj", "{65D893EB-8A00-4323-B40F-E2108F2F8EDB}"
EndProject
Global
	GlobalSection(SolutionConfigurationPlatforms) = preSolution
		Debug|Any CPU = Debug|Any CPU
		Release|Any CPU = Release|Any CPU
	EndGlobalSection
	GlobalSection(ProjectConfigurationPlatforms) = postSolution
		{65D893EB-8A00-4323-B40F-E2108F2F8EDB}.Debug|Any CPU.ActiveCfg = Debug|Any CPU
		{65D893EB-8A00-4323-B40F-E2108F2F8EDB}.Debug|Any CPU.Build.0 = Debug|Any CPU
		{65D893EB-8A00-4323-B40F-E2108F2F8EDB}.Release|Any CPU.ActiveCfg = Release|Any CPU
		{65D893EB-8A00-4323-B40F-E2108F2F8EDB}.Release|Any CPU.Build.0 = Release|Any CPU
	EndGlobalSection
	GlobalSection(SolutionProperties) = preSolution
		HideSolutionNode = FALSE
	EndGlobalSection
	GlobalSection(ExtensibilityGlobals) = postSolution
		SolutionGuid = {BBCE1FEE-D30B-4A08-9424-8DC5A397B834}
	EndGlobalSection
EndGlobal
